
Microsoft Visual Studio Solution File, Format Version 12.00
# Visual Studio Version 16
VisualStudioVersion = 16.0.32630.194
MinimumVisualStudioVersion = 10.0.40219.1
Project("{FAE04EC0-301F-11D3-BF4B-00C04F79EFBC}") = "Pico Duarte", "Pico Duarte\Pico Duarte.csproj", "{D9B8A4FF-7FCD-4D96-A0E7-FFDAF8105F1E}"
EndProject
Project("{F14B399A-7131-4C87-9E4B-1186C45EF12D}") = "Report", "Report\Report.rptproj", "{E49A1B7A-7BB2-4612-A550-CFE4ACFF094F}"
EndProject
Global
	GlobalSection(SolutionConfigurationPlatforms) = preSolution
		Debug|Any CPU = Debug|Any CPU
		DebugLocal|Any CPU = DebugLocal|Any CPU
		Release|Any CPU = Release|Any CPU
	EndGlobalSection
	GlobalSection(ProjectConfigurationPlatforms) = postSolution
		{D9B8A4FF-7FCD-4D96-A0E7-FFDAF8105F1E}.Debug|Any CPU.ActiveCfg = Debug|Any CPU
		{D9B8A4FF-7FCD-4D96-A0E7-FFDAF8105F1E}.Debug|Any CPU.Build.0 = Debug|Any CPU
		{D9B8A4FF-7FCD-4D96-A0E7-FFDAF8105F1E}.DebugLocal|Any CPU.ActiveCfg = Debug|Any CPU
		{D9B8A4FF-7FCD-4D96-A0E7-FFDAF8105F1E}.DebugLocal|Any CPU.Build.0 = Debug|Any CPU
		{D9B8A4FF-7FCD-4D96-A0E7-FFDAF8105F1E}.Release|Any CPU.ActiveCfg = Release|Any CPU
		{D9B8A4FF-7FCD-4D96-A0E7-FFDAF8105F1E}.Release|Any CPU.Build.0 = Release|Any CPU
		{E49A1B7A-7BB2-4612-A550-CFE4ACFF094F}.Debug|Any CPU.ActiveCfg = Debug
		{E49A1B7A-7BB2-4612-A550-CFE4ACFF094F}.Debug|Any CPU.Build.0 = Debug
		{E49A1B7A-7BB2-4612-A550-CFE4ACFF094F}.Debug|Any CPU.Deploy.0 = Debug
		{E49A1B7A-7BB2-4612-A550-CFE4ACFF094F}.DebugLocal|Any CPU.ActiveCfg = DebugLocal
		{E49A1B7A-7BB2-4612-A550-CFE4ACFF094F}.DebugLocal|Any CPU.Build.0 = DebugLocal
		{E49A1B7A-7BB2-4612-A550-CFE4ACFF094F}.Release|Any CPU.ActiveCfg = Release
		{E49A1B7A-7BB2-4612-A550-CFE4ACFF094F}.Release|Any CPU.Build.0 = Release
		{E49A1B7A-7BB2-4612-A550-CFE4ACFF094F}.Release|Any CPU.Deploy.0 = Release
	EndGlobalSection
	GlobalSection(SolutionProperties) = preSolution
		HideSolutionNode = FALSE
	EndGlobalSection
	GlobalSection(ExtensibilityGlobals) = postSolution
		SolutionGuid = {B604E59A-31C4-44D3-8E61-120052DEFE78}
	EndGlobalSection
EndGlobal
